
Microsoft Visual Studio Solution File, Format Version 12.00
# Visual Studio Version 17
VisualStudioVersion = 17.11.35327.3
MinimumVisualStudioVersion = 10.0.40219.1
Project("{FAE04EC0-301F-11D3-BF4B-00C04F79EFBC}") = "DocumentImporter", "DocumentImporter\DocumentImporter.csproj", "{E8F1F70F-F4A1-4F6E-892D-8CDBF19F8706}"
EndProject
Global
	GlobalSection(SolutionConfigurationPlatforms) = preSolution
		Debug|Any CPU = Debug|Any CPU
		Release|Any CPU = Release|Any CPU
	EndGlobalSection
	GlobalSection(ProjectConfigurationPlatforms) = postSolution
		{E8F1F70F-F4A1-4F6E-892D-8CDBF19F8706}.Debug|Any CPU.ActiveCfg = Debug|Any CPU
		{E8F1F70F-F4A1-4F6E-892D-8CDBF19F8706}.Debug|Any CPU.Build.0 = Debug|Any CPU
		{E8F1F70F-F4A1-4F6E-892D-8CDBF19F8706}.Release|Any CPU.ActiveCfg = Release|Any CPU
		{E8F1F70F-F4A1-4F6E-892D-8CDBF19F8706}.Release|Any CPU.Build.0 = Release|Any CPU
	EndGlobalSection
	GlobalSection(SolutionProperties) = preSolution
		HideSolutionNode = FALSE
	EndGlobalSection
	GlobalSection(ExtensibilityGlobals) = postSolution
		SolutionGuid = {E469C169-C97F-4D4F-A308-92FA75D0EC01}
	EndGlobalSection
EndGlobal
